
Microsoft Visual Studio Solution File, Format Version 12.00
# Visual Studio Version 17
VisualStudioVersion = 17.10.35013.160
MinimumVisualStudioVersion = 10.0.40219.1
Project("{9A19103F-16F7-4668-BE54-9A1E7A4F7556}") = "Demo", "Demo\Demo.csproj", "{8BBDF1AD-6EB1-4F01-A2D4-39A3C6366FC5}"
EndProject
Project("{9A19103F-16F7-4668-BE54-9A1E7A4F7556}") = "Pine", "Pine\Pine.csproj", "{7D665F6B-3EC8-4866-BA56-4ED14D4D6F4B}"
EndProject
Global
	GlobalSection(SolutionConfigurationPlatforms) = preSolution
		Debug|Any CPU = Debug|Any CPU
		Release|Any CPU = Release|Any CPU
	EndGlobalSection
	GlobalSection(ProjectConfigurationPlatforms) = postSolution
		{8BBDF1AD-6EB1-4F01-A2D4-39A3C6366FC5}.Debug|Any CPU.ActiveCfg = Debug|Any CPU
		{8BBDF1AD-6EB1-4F01-A2D4-39A3C6366FC5}.Debug|Any CPU.Build.0 = Debug|Any CPU
		{8BBDF1AD-6EB1-4F01-A2D4-39A3C6366FC5}.Release|Any CPU.ActiveCfg = Release|Any CPU
		{8BBDF1AD-6EB1-4F01-A2D4-39A3C6366FC5}.Release|Any CPU.Build.0 = Release|Any CPU
		{7D665F6B-3EC8-4866-BA56-4ED14D4D6F4B}.Debug|Any CPU.ActiveCfg = Debug|Any CPU
		{7D665F6B-3EC8-4866-BA56-4ED14D4D6F4B}.Debug|Any CPU.Build.0 = Debug|Any CPU
		{7D665F6B-3EC8-4866-BA56-4ED14D4D6F4B}.Release|Any CPU.ActiveCfg = Release|Any CPU
		{7D665F6B-3EC8-4866-BA56-4ED14D4D6F4B}.Release|Any CPU.Build.0 = Release|Any CPU
	EndGlobalSection
	GlobalSection(SolutionProperties) = preSolution
		HideSolutionNode = FALSE
	EndGlobalSection
	GlobalSection(ExtensibilityGlobals) = postSolution
		SolutionGuid = {C0A2C917-5612-45AA-9B98-9CADF5F34547}
	EndGlobalSection
EndGlobal
